# THIS IS AN AUTOGENERATED FILE. DO NOT EDIT THIS FILE DIRECTLY.
# yarn lockfile v1


dayjs@^1.8.14:
  version "1.8.14"
  resolved "http://47.102.130.52:7001/dayjs/download/dayjs-1.8.14.tgz#43e4f62830c2c3342c3fcd25934dc9162dbe6f38"
  integrity sha1-Q+T2KDDCwzQsP80lk03JFi2+bzg=

lodash@^4.17.13:
  version "4.17.13"
  resolved "https://registry.yarnpkg.com/lodash/-/lodash-4.17.13.tgz#0bdc3a6adc873d2f4e0c4bac285df91b64fc7b93"
  integrity sha512-vm3/XWXfWtRua0FkUyEHBZy8kCPjErNBT9fJx8Zvs+U6zjqPbTUOpkaoum3O5uiA8sm+yNMHXfYkTUHFoMxFNA==
